// !$*UTF8*$!
{
	archiveVersion = 1;
	classes = {
	};
	objectVersion = 56;
	objects = {

/* Begin PBXBuildFile section */
		0BE907012B5931560064C482 /* Audio_QuizApp.swift in Sources */ = {isa = PBXBuildFile; fileRef = 0BE907002B5931560064C482 /* Audio_QuizApp.swift */; };
		0BE907032B5931560064C482 /* ContentView.swift in Sources */ = {isa = PBXBuildFile; fileRef = 0BE907022B5931560064C482 /* ContentView.swift */; };
		0BE907072B5931580064C482 /* Assets.xcassets in Resources */ = {isa = PBXBuildFile; fileRef = 0BE907062B5931580064C482 /* Assets.xcassets */; };
		0BE9070A2B5931580064C482 /* Preview Assets.xcassets in Resources */ = {isa = PBXBuildFile; fileRef = 0BE907092B5931580064C482 /* Preview Assets.xcassets */; };
		0BE907142B5931590064C482 /* Audio_QuizTests.swift in Sources */ = {isa = PBXBuildFile; fileRef = 0BE907132B5931590064C482 /* Audio_QuizTests.swift */; };
		0BE9071E2B5931590064C482 /* Audio_QuizUITests.swift in Sources */ = {isa = PBXBuildFile; fileRef = 0BE9071D2B5931590064C482 /* Audio_QuizUITests.swift */; };
		0BE907202B5931590064C482 /* Audio_QuizUITestsLaunchTests.swift in Sources */ = {isa = PBXBuildFile; fileRef = 0BE9071F2B5931590064C482 /* Audio_QuizUITestsLaunchTests.swift */; };
/* End PBXBuildFile section */

/* Begin PBXContainerItemProxy section */
		0BE907102B5931590064C482 /* PBXContainerItemProxy */ = {
			isa = PBXContainerItemProxy;
			containerPortal = 0BE906F52B5931560064C482 /* Project object */;
			proxyType = 1;
			remoteGlobalIDString = 0BE906FC2B5931560064C482;
			remoteInfo = "Audio Quiz";
		};
		0BE9071A2B5931590064C482 /* PBXContainerItemProxy */ = {
			isa = PBXContainerItemProxy;
			containerPortal = 0BE906F52B5931560064C482 /* Project object */;
			proxyType = 1;
			remoteGlobalIDString = 0BE906FC2B5931560064C482;
			remoteInfo = "Audio Quiz";
		};
/* End PBXContainerItemProxy section */

/* Begin PBXFileReference section */
		0BE906FD2B5931560064C482 /* Audio Quiz.app */ = {isa = PBXFileReference; explicitFileType = wrapper.application; includeInIndex = 0; path = "Audio Quiz.app"; sourceTree = BUILT_PRODUCTS_DIR; };
		0BE907002B5931560064C482 /* Audio_QuizApp.swift */ = {isa = PBXFileReference; lastKnownFileType = sourcecode.swift; path = Audio_QuizApp.swift; sourceTree = "<group>"; };
		0BE907022B5931560064C482 /* ContentView.swift */ = {isa = PBXFileReference; lastKnownFileType = sourcecode.swift; path = ContentView.swift; sourceTree = "<group>"; };
		0BE907062B5931580064C482 /* Assets.xcassets */ = {isa = PBXFileReference; lastKnownFileType = folder.assetcatalog; path = Assets.xcassets; sourceTree = "<group>"; };
		0BE907092B5931580064C482 /* Preview Assets.xcassets */ = {isa = PBXFileReference; lastKnownFileType = folder.assetcatalog; path = "Preview Assets.xcassets"; sourceTree = "<group>"; };
		0BE9070F2B5931590064C482 /* Audio QuizTests.xctest */ = {isa = PBXFileReference; explicitFileType = wrapper.cfbundle; includeInIndex = 0; path = "Audio QuizTests.xctest"; sourceTree = BUILT_PRODUCTS_DIR; };
		0BE907132B5931590064C482 /* Audio_QuizTests.swift */ = {isa = PBXFileReference; lastKnownFileType = sourcecode.swift; path = Audio_QuizTests.swift; sourceTree = "<group>"; };
		0BE907192B5931590064C482 /* Audio QuizUITests.xctest */ = {isa = PBXFileReference; explicitFileType = wrapper.cfbundle; includeInIndex = 0; path = "Audio QuizUITests.xctest"; sourceTree = BUILT_PRODUCTS_DIR; };
		0BE9071D2B5931590064C482 /* Audio_QuizUITests.swift */ = {isa = PBXFileReference; lastKnownFileType = sourcecode.swift; path = Audio_QuizUITests.swift; sourceTree = "<group>"; };
		0BE9071F2B5931590064C482 /* Audio_QuizUITestsLaunchTests.swift */ = {isa = PBXFileReference; lastKnownFileType = sourcecode.swift; path = Audio_QuizUITestsLaunchTests.swift; sourceTree = "<group>"; };
/* End PBXFileReference section */

/* Begin PBXFrameworksBuildPhase section */
		0BE906FA2B5931560064C482 /* Frameworks */ = {
			isa = PBXFrameworksBuildPhase;
			buildActionMask = 2147483647;
			files = (
			);
			runOnlyForDeploymentPostprocessing = 0;
		};
		0BE9070C2B5931590064C482 /* Frameworks */ = {
			isa = PBXFrameworksBuildPhase;
			buildActionMask = 2147483647;
			files = (
			);
			runOnlyForDeploymentPostprocessing = 0;
		};
		0BE907162B5931590064C482 /* Frameworks */ = {
			isa = PBXFrameworksBuildPhase;
			buildActionMask = 2147483647;
			files = (
			);
			runOnlyForDeploymentPostprocessing = 0;
		};
/* End PBXFrameworksBuildPhase section */

/* Begin PBXGroup section */
		0BE906F42B5931560064C482 = {
			isa = PBXGroup;
			children = (
				0BE906FF2B5931560064C482 /* Audio Quiz */,
				0BE907122B5931590064C482 /* Audio QuizTests */,
				0BE9071C2B5931590064C482 /* Audio QuizUITests */,
				0BE906FE2B5931560064C482 /* Products */,
			);
			sourceTree = "<group>";
		};
		0BE906FE2B5931560064C482 /* Products */ = {
			isa = PBXGroup;
			children = (
				0BE906FD2B5931560064C482 /* Audio Quiz.app */,
				0BE9070F2B5931590064C482 /* Audio QuizTests.xctest */,
				0BE907192B5931590064C482 /* Audio QuizUITests.xctest */,
			);
			name = Products;
			sourceTree = "<group>";
		};
		0BE906FF2B5931560064C482 /* Audio Quiz */ = {
			isa = PBXGroup;
			children = (
				0BE907002B5931560064C482 /* Audio_QuizApp.swift */,
				0BE907022B5931560064C482 /* ContentView.swift */,
				0BE907062B5931580064C482 /* Assets.xcassets */,
				0BE907082B5931580064C482 /* Preview Content */,
			);
			path = "Audio Quiz";
			sourceTree = "<group>";
		};
		0BE907082B5931580064C482 /* Preview Content */ = {
			isa = PBXGroup;
			children = (
				0BE907092B5931580064C482 /* Preview Assets.xcassets */,
			);
			path = "Preview Content";
			sourceTree = "<group>";
		};
		0BE907122B5931590064C482 /* Audio QuizTests */ = {
			isa = PBXGroup;
			children = (
				0BE907132B5931590064C482 /* Audio_QuizTests.swift */,
			);
			path = "Audio QuizTests";
			sourceTree = "<group>";
		};
		0BE9071C2B5931590064C482 /* Audio QuizUITests */ = {
			isa = PBXGroup;
			children = (
				0BE9071D2B5931590064C482 /* Audio_QuizUITests.swift */,
				0BE9071F2B5931590064C482 /* Audio_QuizUITestsLaunchTests.swift */,
			);
			path = "Audio QuizUITests";
			sourceTree = "<group>";
		};
/* End PBXGroup section */

/* Begin PBXNativeTarget section */
		0BE906FC2B5931560064C482 /* Audio Quiz */ = {
			isa = PBXNativeTarget;
			buildConfigurationList = 0BE907232B5931590064C482 /* Build configuration list for PBXNativeTarget "Audio Quiz" */;
			buildPhases = (
				0BE906F92B5931560064C482 /* Sources */,
				0BE906FA2B5931560064C482 /* Frameworks */,
				0BE906FB2B5931560064C482 /* Resources */,
			);
			buildRules = (
			);
			dependencies = (
			);
			name = "Audio Quiz";
			productName = "Audio Quiz";
			productReference = 0BE906FD2B5931560064C482 /* Audio Quiz.app */;
			productType = "com.apple.product-type.application";
		};
		0BE9070E2B5931590064C482 /* Audio QuizTests */ = {
			isa = PBXNativeTarget;
			buildConfigurationList = 0BE907262B5931590064C482 /* Build configuration list for PBXNativeTarget "Audio QuizTests" */;
			buildPhases = (
				0BE9070B2B5931590064C482 /* Sources */,
				0BE9070C2B5931590064C482 /* Frameworks */,
				0BE9070D2B5931590064C482 /* Resources */,
			);
			buildRules = (
			);
			dependencies = (
				0BE907112B5931590064C482 /* PBXTargetDependency */,
			);
			name = "Audio QuizTests";
			productName = "Audio QuizTests";
			productReference = 0BE9070F2B5931590064C482 /* Audio QuizTests.xctest */;
			productType = "com.apple.product-type.bundle.unit-test";
		};
		0BE907182B5931590064C482 /* Audio QuizUITests */ = {
			isa = PBXNativeTarget;
			buildConfigurationList = 0BE907292B5931590064C482 /* Build configuration list for PBXNativeTarget "Audio QuizUITests" */;
			buildPhases = (
				0BE907152B5931590064C482 /* Sources */,
				0BE907162B5931590064C482 /* Frameworks */,
				0BE907172B5931590064C482 /* Resources */,
			);
			buildRules = (
			);
			dependencies = (
				0BE9071B2B5931590064C482 /* PBXTargetDependency */,
			);
			name = "Audio QuizUITests";
			productName = "Audio QuizUITests";
			productReference = 0BE907192B5931590064C482 /* Audio QuizUITests.xctest */;
			productType = "com.apple.product-type.bundle.ui-testing";
		};
/* End PBXNativeTarget section */

/* Begin PBXProject section */
		0BE906F52B5931560064C482 /* Project object */ = {
			isa = PBXProject;
			attributes = {
				BuildIndependentTargetsInParallel = 1;
				LastSwiftUpdateCheck = 1510;
				LastUpgradeCheck = 1510;
				TargetAttributes = {
					0BE906FC2B5931560064C482 = {
						CreatedOnToolsVersion = 15.1;
					};
					0BE9070E2B5931590064C482 = {
						CreatedOnToolsVersion = 15.1;
						TestTargetID = 0BE906FC2B5931560064C482;
					};
					0BE907182B5931590064C482 = {
						CreatedOnToolsVersion = 15.1;
						TestTargetID = 0BE906FC2B5931560064C482;
					};
				};
			};
			buildConfigurationList = 0BE906F82B5931560064C482 /* Build configuration list for PBXProject "Audio Quiz" */;
			compatibilityVersion = "Xcode 14.0";
			developmentRegion = en;
			hasScannedForEncodings = 0;
			knownRegions = (
				en,
				Base,
			);
			mainGroup = 0BE906F42B5931560064C482;
			productRefGroup = 0BE906FE2B5931560064C482 /* Products */;
			projectDirPath = "";
			projectRoot = "";
			targets = (
				0BE906FC2B5931560064C482 /* Audio Quiz */,
				0BE9070E2B5931590064C482 /* Audio QuizTests */,
				0BE907182B5931590064C482 /* Audio QuizUITests */,
			);
		};
/* End PBXProject section */

/* Begin PBXResourcesBuildPhase section */
		0BE906FB2B5931560064C482 /* Resources */ = {
			isa = PBXResourcesBuildPhase;
			buildActionMask = 2147483647;
			files = (
				0BE9070A2B5931580064C482 /* Preview Assets.xcassets in Resources */,
				0BE907072B5931580064C482 /* Assets.xcassets in Resources */,
			);
			runOnlyForDeploymentPostprocessing = 0;
		};
		0BE9070D2B5931590064C482 /* Resources */ = {
			isa = PBXResourcesBuildPhase;
			buildActionMask = 2147483647;
			files = (
			);
			runOnlyForDeploymentPostprocessing = 0;
		};
		0BE907172B5931590064C482 /* Resources */ = {
			isa = PBXResourcesBuildPhase;
			buildActionMask = 2147483647;
			files = (
			);
			runOnlyForDeploymentPostprocessing = 0;
		};
/* End PBXResourcesBuildPhase section */

/* Begin PBXSourcesBuildPhase section */
		0BE906F92B5931560064C482 /* Sources */ = {
			isa = PBXSourcesBuildPhase;
			buildActionMask = 2147483647;
			files = (
				0BE907032B5931560064C482 /* ContentView.swift in Sources */,
				0BE907012B5931560064C482 /* Audio_QuizApp.swift in Sources */,
			);
			runOnlyForDeploymentPostprocessing = 0;
		};
		0BE9070B2B5931590064C482 /* Sources */ = {
			isa = PBXSourcesBuildPhase;
			buildActionMask = 2147483647;
			files = (
				0BE907142B5931590064C482 /* Audio_QuizTests.swift in Sources */,
			);
			runOnlyForDeploymentPostprocessing = 0;
		};
		0BE907152B5931590064C482 /* Sources */ = {
			isa = PBXSourcesBuildPhase;
			buildActionMask = 2147483647;
			files = (
				0BE907202B5931590064C482 /* Audio_QuizUITestsLaunchTests.swift in Sources */,
				0BE9071E2B5931590064C482 /* Audio_QuizUITests.swift in Sources */,
			);
			runOnlyForDeploymentPostprocessing = 0;
		};
/* End PBXSourcesBuildPhase section */

/* Begin PBXTargetDependency section */
		0BE907112B5931590064C482 /* PBXTargetDependency */ = {
			isa = PBXTargetDependency;
			target = 0BE906FC2B5931560064C482 /* Audio Quiz */;
			targetProxy = 0BE907102B5931590064C482 /* PBXContainerItemProxy */;
		};
		0BE9071B2B5931590064C482 /* PBXTargetDependency */ = {
			isa = PBXTargetDependency;
			target = 0BE906FC2B5931560064C482 /* Audio Quiz */;
			targetProxy = 0BE9071A2B5931590064C482 /* PBXContainerItemProxy */;
		};
/* End PBXTargetDependency section */

/* Begin XCBuildConfiguration section */
		0BE907212B5931590064C482 /* Debug */ = {
			isa = XCBuildConfiguration;
			buildSettings = {
				ALWAYS_SEARCH_USER_PATHS = NO;
				ASSETCATALOG_COMPILER_GENERATE_SWIFT_ASSET_SYMBOL_EXTENSIONS = YES;
				CLANG_ANALYZER_NONNULL = YES;
				CLANG_ANALYZER_NUMBER_OBJECT_CONVERSION = YES_AGGRESSIVE;
				CLANG_CXX_LANGUAGE_STANDARD = "gnu++20";
				CLANG_ENABLE_MODULES = YES;
				CLANG_ENABLE_OBJC_ARC = YES;
				CLANG_ENABLE_OBJC_WEAK = YES;
				CLANG_WARN_BLOCK_CAPTURE_AUTORELEASING = YES;
				CLANG_WARN_BOOL_CONVERSION = YES;
				CLANG_WARN_COMMA = YES;
				CLANG_WARN_CONSTANT_CONVERSION = YES;
				CLANG_WARN_DEPRECATED_OBJC_IMPLEMENTATIONS = YES;
				CLANG_WARN_DIRECT_OBJC_ISA_USAGE = YES_ERROR;
				CLANG_WARN_DOCUMENTATION_COMMENTS = YES;
				CLANG_WARN_EMPTY_BODY = YES;
				CLANG_WARN_ENUM_CONVERSION = YES;
				CLANG_WARN_INFINITE_RECURSION = YES;
				CLANG_WARN_INT_CONVERSION = YES;
				CLANG_WARN_NON_LITERAL_NULL_CONVERSION = YES;
				CLANG_WARN_OBJC_IMPLICIT_RETAIN_SELF = YES;
				CLANG_WARN_OBJC_LITERAL_CONVERSION = YES;
				CLANG_WARN_OBJC_ROOT_CLASS = YES_ERROR;
				CLANG_WARN_QUOTED_INCLUDE_IN_FRAMEWORK_HEADER = YES;
				CLANG_WARN_RANGE_LOOP_ANALYSIS = YES;
				CLANG_WARN_STRICT_PROTOTYPES = YES;
				CLANG_WARN_SUSPICIOUS_MOVE = YES;
				CLANG_WARN_UNGUARDED_AVAILABILITY = YES_AGGRESSIVE;
				CLANG_WARN_UNREACHABLE_CODE = YES;
				CLANG_WARN__DUPLICATE_METHOD_MATCH = YES;
				COPY_PHASE_STRIP = NO;
				DEBUG_INFORMATION_FORMAT = dwarf;
				ENABLE_STRICT_OBJC_MSGSEND = YES;
				ENABLE_TESTABILITY = YES;
				ENABLE_USER_SCRIPT_SANDBOXING = YES;
				GCC_C_LANGUAGE_STANDARD = gnu17;
				GCC_DYNAMIC_NO_PIC = NO;
				GCC_NO_COMMON_BLOCKS = YES;
				GCC_OPTIMIZATION_LEVEL = 0;
				GCC_PREPROCESSOR_DEFINITIONS = (
					"DEBUG=1",
					"$(inherited)",
				);
				GCC_WARN_64_TO_32_BIT_CONVERSION = YES;
				GCC_WARN_ABOUT_RETURN_TYPE = YES_ERROR;
				GCC_WARN_UNDECLARED_SELECTOR = YES;
				GCC_WARN_UNINITIALIZED_AUTOS = YES_AGGRESSIVE;
				GCC_WARN_UNUSED_FUNCTION = YES;
				GCC_WARN_UNUSED_VARIABLE = YES;
				IPHONEOS_DEPLOYMENT_TARGET = 17.2;
				LOCALIZATION_PREFERS_STRING_CATALOGS = YES;
				MTL_ENABLE_DEBUG_INFO = INCLUDE_SOURCE;
				MTL_FAST_MATH = YES;
				ONLY_ACTIVE_ARCH = YES;
				SDKROOT = iphoneos;
				SWIFT_ACTIVE_COMPILATION_CONDITIONS = "DEBUG $(inherited)";
				SWIFT_OPTIMIZATION_LEVEL = "-Onone";
			};
			name = Debug;
		};
		0BE907222B5931590064C482 /* Release */ = {
			isa = XCBuildConfiguration;
			buildSettings = {
				ALWAYS_SEARCH_USER_PATHS = NO;
				ASSETCATALOG_COMPILER_GENERATE_SWIFT_ASSET_SYMBOL_EXTENSIONS = YES;
				CLANG_ANALYZER_NONNULL = YES;
				CLANG_ANALYZER_NUMBER_OBJECT_CONVERSION = YES_AGGRESSIVE;
				CLANG_CXX_LANGUAGE_STANDARD = "gnu++20";
				CLANG_ENABLE_MODULES = YES;
				CLANG_ENABLE_OBJC_ARC = YES;
				CLANG_ENABLE_OBJC_WEAK = YES;
				CLANG_WARN_BLOCK_CAPTURE_AUTORELEASING = YES;
				CLANG_WARN_BOOL_CONVERSION = YES;
				CLANG_WARN_COMMA = YES;
				CLANG_WARN_CONSTANT_CONVERSION = YES;
				CLANG_WARN_DEPRECATED_OBJC_IMPLEMENTATIONS = YES;
				CLANG_WARN_DIRECT_OBJC_ISA_USAGE = YES_ERROR;
				CLANG_WARN_DOCUMENTATION_COMMENTS = YES;
				CLANG_WARN_EMPTY_BODY = YES;
				CLANG_WARN_ENUM_CONVERSION = YES;
				CLANG_WARN_INFINITE_RECURSION = YES;
				CLANG_WARN_INT_CONVERSION = YES;
				CLANG_WARN_NON_LITERAL_NULL_CONVERSION = YES;
				CLANG_WARN_OBJC_IMPLICIT_RETAIN_SELF = YES;
				CLANG_WARN_OBJC_LITERAL_CONVERSION = YES;
				CLANG_WARN_OBJC_ROOT_CLASS = YES_ERROR;
				CLANG_WARN_QUOTED_INCLUDE_IN_FRAMEWORK_HEADER = YES;
				CLANG_WARN_RANGE_LOOP_ANALYSIS = YES;
				CLANG_WARN_STRICT_PROTOTYPES = YES;
				CLANG_WARN_SUSPICIOUS_MOVE = YES;
				CLANG_WARN_UNGUARDED_AVAILABILITY = YES_AGGRESSIVE;
				CLANG_WARN_UNREACHABLE_CODE = YES;
				CLANG_WARN__DUPLICATE_METHOD_MATCH = YES;
				COPY_PHASE_STRIP = NO;
				DEBUG_INFORMATION_FORMAT = "dwarf-with-dsym";
				ENABLE_NS_ASSERTIONS = NO;
				ENABLE_STRICT_OBJC_MSGSEND = YES;
				ENABLE_USER_SCRIPT_SANDBOXING = YES;
				GCC_C_LANGUAGE_STANDARD = gnu17;
				GCC_NO_COMMON_BLOCKS = YES;
				GCC_WARN_64_TO_32_BIT_CONVERSION = YES;
				GCC_WARN_ABOUT_RETURN_TYPE = YES_ERROR;
				GCC_WARN_UNDECLARED_SELECTOR = YES;
				GCC_WARN_UNINITIALIZED_AUTOS = YES_AGGRESSIVE;
				GCC_WARN_UNUSED_FUNCTION = YES;
				GCC_WARN_UNUSED_VARIABLE = YES;
				IPHONEOS_DEPLOYMENT_TARGET = 17.2;
				LOCALIZATION_PREFERS_STRING_CATALOGS = YES;
				MTL_ENABLE_DEBUG_INFO = NO;
				MTL_FAST_MATH = YES;
				SDKROOT = iphoneos;
				SWIFT_COMPILATION_MODE = wholemodule;
				VALIDATE_PRODUCT = YES;
			};
			name = Release;
		};
		0BE907242B5931590064C482 /* Debug */ = {
			isa = XCBuildConfiguration;
			buildSettings = {
				ASSETCATALOG_COMPILER_APPICON_NAME = AppIcon;
				ASSETCATALOG_COMPILER_GLOBAL_ACCENT_COLOR_NAME = AccentColor;
				CODE_SIGN_STYLE = Automatic;
				CURRENT_PROJECT_VERSION = 1;
				DEVELOPMENT_ASSET_PATHS = "\"Audio Quiz/Preview Content\"";
				DEVELOPMENT_TEAM = VW5K99T4JJ;
				ENABLE_PREVIEWS = YES;
				GENERATE_INFOPLIST_FILE = YES;
				INFOPLIST_KEY_UIApplicationSceneManifest_Generation = YES;
				INFOPLIST_KEY_UIApplicationSupportsIndirectInputEvents = YES;
				INFOPLIST_KEY_UILaunchScreen_Generation = YES;
				INFOPLIST_KEY_UISupportedInterfaceOrientations_iPad = "UIInterfaceOrientationPortrait UIInterfaceOrientationPortraitUpsideDown UIInterfaceOrientationLandscapeLeft UIInterfaceOrientationLandscapeRight";
				INFOPLIST_KEY_UISupportedInterfaceOrientations_iPhone = "UIInterfaceOrientationPortrait UIInterfaceOrientationLandscapeLeft UIInterfaceOrientationLandscapeRight";
				LD_RUNPATH_SEARCH_PATHS = (
					"$(inherited)",
					"@executable_path/Frameworks",
				);
				MARKETING_VERSION = 1.0;
				PRODUCT_BUNDLE_IDENTIFIER = "-DOF-Creatives-Club.Audio-Quiz";
				PRODUCT_NAME = "$(TARGET_NAME)";
				SWIFT_EMIT_LOC_STRINGS = YES;
				SWIFT_VERSION = 5.0;
				TARGETED_DEVICE_FAMILY = "1,2";
			};
			name = Debug;
		};
		0BE907252B5931590064C482 /* Release */ = {
			isa = XCBuildConfiguration;
			buildSettings = {
				ASSETCATALOG_COMPILER_APPICON_NAME = AppIcon;
				ASSETCATALOG_COMPILER_GLOBAL_ACCENT_COLOR_NAME = AccentColor;
				CODE_SIGN_STYLE = Automatic;
				CURRENT_PROJECT_VERSION = 1;
				DEVELOPMENT_ASSET_PATHS = "\"Audio Quiz/Preview Content\"";
				DEVELOPMENT_TEAM = VW5K99T4JJ;
				ENABLE_PREVIEWS = YES;
				GENERATE_INFOPLIST_FILE = YES;
				INFOPLIST_KEY_UIApplicationSceneManifest_Generation = YES;
				INFOPLIST_KEY_UIApplicationSupportsIndirectInputEvents = YES;
				INFOPLIST_KEY_UILaunchScreen_Generation = YES;
				INFOPLIST_KEY_UISupportedInterfaceOrientations_iPad = "UIInterfaceOrientationPortrait UIInterfaceOrientationPortraitUpsideDown UIInterfaceOrientationLandscapeLeft UIInterfaceOrientationLandscapeRight";
				INFOPLIST_KEY_UISupportedInterfaceOrientations_iPhone = "UIInterfaceOrientationPortrait UIInterfaceOrientationLandscapeLeft UIInterfaceOrientationLandscapeRight";
				LD_RUNPATH_SEARCH_PATHS = (
					"$(inherited)",
					"@executable_path/Frameworks",
				);
				MARKETING_VERSION = 1.0;
				PRODUCT_BUNDLE_IDENTIFIER = "-DOF-Creatives-Club.Audio-Quiz";
				PRODUCT_NAME = "$(TARGET_NAME)";
				SWIFT_EMIT_LOC_STRINGS = YES;
				SWIFT_VERSION = 5.0;
				TARGETED_DEVICE_FAMILY = "1,2";
			};
			name = Release;
		};
		0BE907272B5931590064C482 /* Debug */ = {
			isa = XCBuildConfiguration;
			buildSettings = {
				ALWAYS_EMBED_SWIFT_STANDARD_LIBRARIES = YES;
				BUNDLE_LOADER = "$(TEST_HOST)";
				CODE_SIGN_STYLE = Automatic;
				CURRENT_PROJECT_VERSION = 1;
				DEVELOPMENT_TEAM = VW5K99T4JJ;
				GENERATE_INFOPLIST_FILE = YES;
				IPHONEOS_DEPLOYMENT_TARGET = 17.2;
				MARKETING_VERSION = 1.0;
				PRODUCT_BUNDLE_IDENTIFIER = "-DOF-Creatives-Club.Audio-QuizTests";
				PRODUCT_NAME = "$(TARGET_NAME)";
				SWIFT_EMIT_LOC_STRINGS = NO;
				SWIFT_VERSION = 5.0;
				TARGETED_DEVICE_FAMILY = "1,2";
				TEST_HOST = "$(BUILT_PRODUCTS_DIR)/Audio Quiz.app/$(BUNDLE_EXECUTABLE_FOLDER_PATH)/Audio Quiz";
			};
			name = Debug;
		};
		0BE907282B5931590064C482 /* Release */ = {
			isa = XCBuildConfiguration;
			buildSettings = {
				ALWAYS_EMBED_SWIFT_STANDARD_LIBRARIES = YES;
				BUNDLE_LOADER = "$(TEST_HOST)";
				CODE_SIGN_STYLE = Automatic;
				CURRENT_PROJECT_VERSION = 1;
				DEVELOPMENT_TEAM = VW5K99T4JJ;
				GENERATE_INFOPLIST_FILE = YES;
				IPHONEOS_DEPLOYMENT_TARGET = 17.2;
				MARKETING_VERSION = 1.0;
				PRODUCT_BUNDLE_IDENTIFIER = "-DOF-Creatives-Club.Audio-QuizTests";
				PRODUCT_NAME = "$(TARGET_NAME)";
				SWIFT_EMIT_LOC_STRINGS = NO;
				SWIFT_VERSION = 5.0;
				TARGETED_DEVICE_FAMILY = "1,2";
				TEST_HOST = "$(BUILT_PRODUCTS_DIR)/Audio Quiz.app/$(BUNDLE_EXECUTABLE_FOLDER_PATH)/Audio Quiz";
			};
			name = Release;
		};
		0BE9072A2B5931590064C482 /* Debug */ = {
			isa = XCBuildConfiguration;
			buildSettings = {
				ALWAYS_EMBED_SWIFT_STANDARD_LIBRARIES = YES;
				CODE_SIGN_STYLE = Automatic;
				CURRENT_PROJECT_VERSION = 1;
				DEVELOPMENT_TEAM = VW5K99T4JJ;
				GENERATE_INFOPLIST_FILE = YES;
				MARKETING_VERSION = 1.0;
				PRODUCT_BUNDLE_IDENTIFIER = "-DOF-Creatives-Club.Audio-QuizUITests";
				PRODUCT_NAME = "$(TARGET_NAME)";
				SWIFT_EMIT_LOC_STRINGS = NO;
				SWIFT_VERSION = 5.0;
				TARGETED_DEVICE_FAMILY = "1,2";
				TEST_TARGET_NAME = "Audio Quiz";
			};
			name = Debug;
		};
		0BE9072B2B5931590064C482 /* Release */ = {
			isa = XCBuildConfiguration;
			buildSettings = {
				ALWAYS_EMBED_SWIFT_STANDARD_LIBRARIES = YES;
				CODE_SIGN_STYLE = Automatic;
				CURRENT_PROJECT_VERSION = 1;
				DEVELOPMENT_TEAM = VW5K99T4JJ;
				GENERATE_INFOPLIST_FILE = YES;
				MARKETING_VERSION = 1.0;
				PRODUCT_BUNDLE_IDENTIFIER = "-DOF-Creatives-Club.Audio-QuizUITests";
				PRODUCT_NAME = "$(TARGET_NAME)";
				SWIFT_EMIT_LOC_STRINGS = NO;
				SWIFT_VERSION = 5.0;
				TARGETED_DEVICE_FAMILY = "1,2";
				TEST_TARGET_NAME = "Audio Quiz";
			};
			name = Release;
		};
/* End XCBuildConfiguration section */

/* Begin XCConfigurationList section */
		0BE906F82B5931560064C482 /* Build configuration list for PBXProject "Audio Quiz" */ = {
			isa = XCConfigurationList;
			buildConfigurations = (
				0BE907212B5931590064C482 /* Debug */,
				0BE907222B5931590064C482 /* Release */,
			);
			defaultConfigurationIsVisible = 0;
			defaultConfigurationName = Release;
		};
		0BE907232B5931590064C482 /* Build configuration list for PBXNativeTarget "Audio Quiz" */ = {
			isa = XCConfigurationList;
			buildConfigurations = (
				0BE907242B5931590064C482 /* Debug */,
				0BE907252B5931590064C482 /* Release */,
			);
			defaultConfigurationIsVisible = 0;
			defaultConfigurationName = Release;
		};
		0BE907262B5931590064C482 /* Build configuration list for PBXNativeTarget "Audio QuizTests" */ = {
			isa = XCConfigurationList;
			buildConfigurations = (
				0BE907272B5931590064C482 /* Debug */,
				0BE907282B5931590064C482 /* Release */,
			);
			defaultConfigurationIsVisible = 0;
			defaultConfigurationName = Release;
		};
		0BE907292B5931590064C482 /* Build configuration list for PBXNativeTarget "Audio QuizUITests" */ = {
			isa = XCConfigurationList;
			buildConfigurations = (
				0BE9072A2B5931590064C482 /* Debug */,
				0BE9072B2B5931590064C482 /* Release */,
			);
			defaultConfigurationIsVisible = 0;
			defaultConfigurationName = Release;
		};
/* End XCConfigurationList section */
	};
	rootObject = 0BE906F52B5931560064C482 /* Project object */;
}
